
Microsoft Visual Studio Solution File, Format Version 12.00
# Visual Studio Version 16
VisualStudioVersion = 16.0.30323.103
MinimumVisualStudioVersion = 10.0.40219.1
Project("{FAE04EC0-301F-11D3-BF4B-00C04F79EFBC}") = "Prog", "Prog\Prog.csproj", "{67F6A910-D5A2-43E5-B0CC-C9814275BE7B}"
EndProject
Global
	GlobalSection(SolutionConfigurationPlatforms) = preSolution
		Debug|Any CPU = Debug|Any CPU
		Release|Any CPU = Release|Any CPU
	EndGlobalSection
	GlobalSection(ProjectConfigurationPlatforms) = postSolution
		{67F6A910-D5A2-43E5-B0CC-C9814275BE7B}.Debug|Any CPU.ActiveCfg = Debug|Any CPU
		{67F6A910-D5A2-43E5-B0CC-C9814275BE7B}.Debug|Any CPU.Build.0 = Debug|Any CPU
		{67F6A910-D5A2-43E5-B0CC-C9814275BE7B}.Release|Any CPU.ActiveCfg = Release|Any CPU
		{67F6A910-D5A2-43E5-B0CC-C9814275BE7B}.Release|Any CPU.Build.0 = Release|Any CPU
	EndGlobalSection
	GlobalSection(SolutionProperties) = preSolution
		HideSolutionNode = FALSE
	EndGlobalSection
	GlobalSection(ExtensibilityGlobals) = postSolution
		SolutionGuid = {E73C33FB-BFC6-4027-BAB5-E5792C0F4CED}
	EndGlobalSection
EndGlobal
